
Microsoft Visual Studio Solution File, Format Version 11.00
# Visual C# Express 2010
Project("{FAE04EC0-301F-11D3-BF4B-00C04F79EFBC}") = "CreateCloudServers", "CreateCloudServers\CreateCloudServers.csproj", "{EE6D6335-05DC-4F20-9BF8-48E79607F5E9}"
EndProject
Global
	GlobalSection(SolutionConfigurationPlatforms) = preSolution
		Debug|x86 = Debug|x86
		Release|x86 = Release|x86
	EndGlobalSection
	GlobalSection(ProjectConfigurationPlatforms) = postSolution
		{EE6D6335-05DC-4F20-9BF8-48E79607F5E9}.Debug|x86.ActiveCfg = Debug|x86
		{EE6D6335-05DC-4F20-9BF8-48E79607F5E9}.Debug|x86.Build.0 = Debug|x86
		{EE6D6335-05DC-4F20-9BF8-48E79607F5E9}.Release|x86.ActiveCfg = Release|x86
		{EE6D6335-05DC-4F20-9BF8-48E79607F5E9}.Release|x86.Build.0 = Release|x86
	EndGlobalSection
	GlobalSection(SolutionProperties) = preSolution
		HideSolutionNode = FALSE
	EndGlobalSection
EndGlobal
